
Microsoft Visual Studio Solution File, Format Version 12.00
# Visual Studio Version 17
VisualStudioVersion = 17.6.33829.357
MinimumVisualStudioVersion = 10.0.40219.1
Project("{FAE04EC0-301F-11D3-BF4B-00C04F79EFBC}") = "NLayers.MVC", "NLayers.MVC\NLayers.MVC.csproj", "{85556900-6EDA-4D5C-B105-A323E383D03F}"
EndProject
Global
	GlobalSection(SolutionConfigurationPlatforms) = preSolution
		Debug|Any CPU = Debug|Any CPU
		Release|Any CPU = Release|Any CPU
	EndGlobalSection
	GlobalSection(ProjectConfigurationPlatforms) = postSolution
		{85556900-6EDA-4D5C-B105-A323E383D03F}.Debug|Any CPU.ActiveCfg = Debug|Any CPU
		{85556900-6EDA-4D5C-B105-A323E383D03F}.Debug|Any CPU.Build.0 = Debug|Any CPU
		{85556900-6EDA-4D5C-B105-A323E383D03F}.Release|Any CPU.ActiveCfg = Release|Any CPU
		{85556900-6EDA-4D5C-B105-A323E383D03F}.Release|Any CPU.Build.0 = Release|Any CPU
	EndGlobalSection
	GlobalSection(SolutionProperties) = preSolution
		HideSolutionNode = FALSE
	EndGlobalSection
	GlobalSection(ExtensibilityGlobals) = postSolution
		SolutionGuid = {D459ED11-85CE-40DC-AA0E-2692604EA958}
	EndGlobalSection
EndGlobal
