
Microsoft Visual Studio Solution File, Format Version 12.00
# Visual Studio Version 17
VisualStudioVersion = 17.6.33829.357
MinimumVisualStudioVersion = 10.0.40219.1
Project("{9A19103F-16F7-4668-BE54-9A1E7A4F7556}") = "NLayers.MVC", "NLayers.MVC\NLayers.MVC.csproj", "{85556900-6EDA-4D5C-B105-A323E383D03F}"
EndProject
Project("{9A19103F-16F7-4668-BE54-9A1E7A4F7556}") = "NLayers.API", "NLayers.API\NLayers.API.csproj", "{28070599-8E9D-462A-B850-D8293B294607}"
EndProject
Project("{9A19103F-16F7-4668-BE54-9A1E7A4F7556}") = "NLayers.Repository", "NLayers.Repository\NLayers.Repository.csproj", "{16CF7463-65D1-43BF-B2DC-FE3A795BC0FE}"
EndProject
Project("{9A19103F-16F7-4668-BE54-9A1E7A4F7556}") = "NLayers.Core", "NLayers.Core\NLayers.Core.csproj", "{BBC67B9C-1863-4CAA-B872-10340D5B3B69}"
EndProject
Project("{9A19103F-16F7-4668-BE54-9A1E7A4F7556}") = "NLayers.Services", "NLayers.Services\NLayers.Services.csproj", "{56E3AA03-086D-49E1-B2CF-6A405F0AB336}"
EndProject
Project("{9A19103F-16F7-4668-BE54-9A1E7A4F7556}") = "NLayers.Caching", "NLayers.Caching\NLayers.Caching.csproj", "{64FB5F0A-6FE7-48B3-8DB0-A746C908EE90}"
EndProject
Project("{9A19103F-16F7-4668-BE54-9A1E7A4F7556}") = "NLayer.Admin", "NLayer.Admin\NLayer.Admin.csproj", "{3B9D2438-727D-4CE5-99D1-F901785FB1A4}"
EndProject
Project("{FAE04EC0-301F-11D3-BF4B-00C04F79EFBC}") = "NLayers.Business", "NLayers.Business\NLayers.Business.csproj", "{2AF2F767-A327-4F5C-B6D0-C7AF2F20FCD3}"
EndProject
Global
	GlobalSection(SolutionConfigurationPlatforms) = preSolution
		Debug|Any CPU = Debug|Any CPU
		Release|Any CPU = Release|Any CPU
	EndGlobalSection
	GlobalSection(ProjectConfigurationPlatforms) = postSolution
		{85556900-6EDA-4D5C-B105-A323E383D03F}.Debug|Any CPU.ActiveCfg = Debug|Any CPU
		{85556900-6EDA-4D5C-B105-A323E383D03F}.Debug|Any CPU.Build.0 = Debug|Any CPU
		{85556900-6EDA-4D5C-B105-A323E383D03F}.Release|Any CPU.ActiveCfg = Release|Any CPU
		{85556900-6EDA-4D5C-B105-A323E383D03F}.Release|Any CPU.Build.0 = Release|Any CPU
		{28070599-8E9D-462A-B850-D8293B294607}.Debug|Any CPU.ActiveCfg = Debug|Any CPU
		{28070599-8E9D-462A-B850-D8293B294607}.Debug|Any CPU.Build.0 = Debug|Any CPU
		{28070599-8E9D-462A-B850-D8293B294607}.Release|Any CPU.ActiveCfg = Release|Any CPU
		{28070599-8E9D-462A-B850-D8293B294607}.Release|Any CPU.Build.0 = Release|Any CPU
		{16CF7463-65D1-43BF-B2DC-FE3A795BC0FE}.Debug|Any CPU.ActiveCfg = Debug|Any CPU
		{16CF7463-65D1-43BF-B2DC-FE3A795BC0FE}.Debug|Any CPU.Build.0 = Debug|Any CPU
		{16CF7463-65D1-43BF-B2DC-FE3A795BC0FE}.Release|Any CPU.ActiveCfg = Release|Any CPU
		{16CF7463-65D1-43BF-B2DC-FE3A795BC0FE}.Release|Any CPU.Build.0 = Release|Any CPU
		{BBC67B9C-1863-4CAA-B872-10340D5B3B69}.Debug|Any CPU.ActiveCfg = Debug|Any CPU
		{BBC67B9C-1863-4CAA-B872-10340D5B3B69}.Debug|Any CPU.Build.0 = Debug|Any CPU
		{BBC67B9C-1863-4CAA-B872-10340D5B3B69}.Release|Any CPU.ActiveCfg = Release|Any CPU
		{BBC67B9C-1863-4CAA-B872-10340D5B3B69}.Release|Any CPU.Build.0 = Release|Any CPU
		{56E3AA03-086D-49E1-B2CF-6A405F0AB336}.Debug|Any CPU.ActiveCfg = Debug|Any CPU
		{56E3AA03-086D-49E1-B2CF-6A405F0AB336}.Debug|Any CPU.Build.0 = Debug|Any CPU
		{56E3AA03-086D-49E1-B2CF-6A405F0AB336}.Release|Any CPU.ActiveCfg = Release|Any CPU
		{56E3AA03-086D-49E1-B2CF-6A405F0AB336}.Release|Any CPU.Build.0 = Release|Any CPU
		{64FB5F0A-6FE7-48B3-8DB0-A746C908EE90}.Debug|Any CPU.ActiveCfg = Debug|Any CPU
		{64FB5F0A-6FE7-48B3-8DB0-A746C908EE90}.Debug|Any CPU.Build.0 = Debug|Any CPU
		{64FB5F0A-6FE7-48B3-8DB0-A746C908EE90}.Release|Any CPU.ActiveCfg = Release|Any CPU
		{64FB5F0A-6FE7-48B3-8DB0-A746C908EE90}.Release|Any CPU.Build.0 = Release|Any CPU
		{3B9D2438-727D-4CE5-99D1-F901785FB1A4}.Debug|Any CPU.ActiveCfg = Debug|Any CPU
		{3B9D2438-727D-4CE5-99D1-F901785FB1A4}.Debug|Any CPU.Build.0 = Debug|Any CPU
		{3B9D2438-727D-4CE5-99D1-F901785FB1A4}.Release|Any CPU.ActiveCfg = Release|Any CPU
		{3B9D2438-727D-4CE5-99D1-F901785FB1A4}.Release|Any CPU.Build.0 = Release|Any CPU
		{2AF2F767-A327-4F5C-B6D0-C7AF2F20FCD3}.Debug|Any CPU.ActiveCfg = Debug|Any CPU
		{2AF2F767-A327-4F5C-B6D0-C7AF2F20FCD3}.Debug|Any CPU.Build.0 = Debug|Any CPU
		{2AF2F767-A327-4F5C-B6D0-C7AF2F20FCD3}.Release|Any CPU.ActiveCfg = Release|Any CPU
		{2AF2F767-A327-4F5C-B6D0-C7AF2F20FCD3}.Release|Any CPU.Build.0 = Release|Any CPU
	EndGlobalSection
	GlobalSection(SolutionProperties) = preSolution
		HideSolutionNode = FALSE
	EndGlobalSection
	GlobalSection(ExtensibilityGlobals) = postSolution
		SolutionGuid = {D459ED11-85CE-40DC-AA0E-2692604EA958}
	EndGlobalSection
EndGlobal
